<?xml version="1.0" encoding="utf-8"?>
<Project ToolsVersion="4.0" xmlns="http://schemas.microsoft.com/developer/msbuild/2003">
  <ItemGroup>
    <Filter Include="99.Default">
      <UniqueIdentifier>{f73eba55-82f1-41f6-85ef-4247efcbb74f}</UniqueIdentifier>
    </Filter>
    <Filter Include="00.MainApp">
      <UniqueIdentifier>{b36116c6-bc88-4e69-af4f-1fcd27e04060}</UniqueIdentifier>
    </Filter>
    <Filter Include="01.GameObject">
      <UniqueIdentifier>{906504cf-95ea-4c1a-86c2-2043e4f103c8}</UniqueIdentifier>
    </Filter>
    <Filter Include="02.Graphic_Device">
      <UniqueIdentifier>{e2ec07a9-e5c8-497c-8a76-30fec772e17a}</UniqueIdentifier>
    </Filter>
    <Filter Include="03.Scene">
      <UniqueIdentifier>{cc28ea39-33b8-4be9-b9d4-3f923c8790ad}</UniqueIdentifier>
    </Filter>
    <Filter Include="03.Scene\Manager">
      <UniqueIdentifier>{91d0214f-76a8-470f-b353-31d34f099666}</UniqueIdentifier>
    </Filter>
    <Filter Include="03.Scene\Stage">
      <UniqueIdentifier>{cc673da7-6c2c-431a-ab2b-d0b69c800f5e}</UniqueIdentifier>
    </Filter>
    <Filter Include="05.Texture">
      <UniqueIdentifier>{cf0024f2-9b27-474b-9937-45a630bccf5b}</UniqueIdentifier>
    </Filter>
    <Filter Include="05.Texture\Multi_Texture">
      <UniqueIdentifier>{c0f9376a-2151-422a-8947-9a19497da556}</UniqueIdentifier>
    </Filter>
    <Filter Include="05.Texture\Single_Texture">
      <UniqueIdentifier>{435eb598-6157-43a3-ba38-9f995b470261}</UniqueIdentifier>
    </Filter>
    <Filter Include="05.Texture\Manager">
      <UniqueIdentifier>{015934c8-3b57-473b-b280-7f31cc95432a}</UniqueIdentifier>
    </Filter>
    <Filter Include="01.GameObject\02.Bullet">
      <UniqueIdentifier>{204ba84e-e842-44c6-94f0-301459b622f3}</UniqueIdentifier>
    </Filter>
    <Filter Include="Manager">
      <UniqueIdentifier>{b72d7a30-0a24-450f-8862-02b647e8cb22}</UniqueIdentifier>
    </Filter>
    <Filter Include="01.GameObject\03.Effect">
      <UniqueIdentifier>{60094de7-be03-4021-8e68-d9fe64e5421f}</UniqueIdentifier>
    </Filter>
    <Filter Include="01.GameObject\04.BackGround">
      <UniqueIdentifier>{eb6530c4-ebd3-4ed8-ac58-d516ac0d3ad2}</UniqueIdentifier>
    </Filter>
    <Filter Include="01.GameObject\05.Gui">
      <UniqueIdentifier>{e30d83e8-7bb3-4808-89ed-8a68f7ef528f}</UniqueIdentifier>
    </Filter>
    <Filter Include="01.GameObject\06.Mouse">
      <UniqueIdentifier>{bf8426a7-03e2-483b-b42d-5fae784391e6}</UniqueIdentifier>
    </Filter>
    <Filter Include="01.GameObject\02.Bullet\00.Normal">
      <UniqueIdentifier>{02a821e4-9d05-46b0-ba86-6abbe4bd0eb2}</UniqueIdentifier>
    </Filter>
    <Filter Include="01.GameObject\02.Bullet\01.Rocket">
      <UniqueIdentifier>{4f115926-bb19-429e-b73d-6710a1d07c15}</UniqueIdentifier>
    </Filter>
    <Filter Include="01.GameObject\07.Burner">
      <UniqueIdentifier>{ffbabd6a-48b7-485a-b86f-1cad4395a54f}</UniqueIdentifier>
    </Filter>
    <Filter Include="01.GameObject\02.Bullet\02.Bottle">
      <UniqueIdentifier>{d6716f09-225e-45bf-bb9b-5566c23f772e}</UniqueIdentifier>
    </Filter>
    <Filter Include="01.GameObject\02.Bullet\03.Beam">
      <UniqueIdentifier>{5e8ef073-bbf9-4f9a-add7-dd0a240e4075}</UniqueIdentifier>
    </Filter>
    <Filter Include="01.GameObject\02.Bullet\04.Gundrone">
      <UniqueIdentifier>{4a61ae2d-30c6-4c8a-ae5e-80e0a6b64c52}</UniqueIdentifier>
    </Filter>
    <Filter Include="Manager\00.GameObject_Manager">
      <UniqueIdentifier>{34161b6d-cc71-4e57-8578-4a6b69b4e50a}</UniqueIdentifier>
    </Filter>
    <Filter Include="Manager\01.Frame_Manager">
      <UniqueIdentifier>{f17e57a3-6031-4aa5-9732-32f4ab3e117f}</UniqueIdentifier>
    </Filter>
    <Filter Include="Manager\02.Key_Manager">
      <UniqueIdentifier>{7b4ac29a-1376-4609-b7cf-6fa1b985afbd}</UniqueIdentifier>
    </Filter>
    <Filter Include="Manager\03.ColiiderManager">
      <UniqueIdentifier>{8f8e714d-6c80-4bf0-88a4-de555cdb2fa0}</UniqueIdentifier>
    </Filter>
    <Filter Include="Manager\04.Prefap_Manager">
      <UniqueIdentifier>{e3b5f6e6-efdb-4af9-be7d-60244cd7f07e}</UniqueIdentifier>
    </Filter>
    <Filter Include="Manager\05.Spawn_Manager">
      <UniqueIdentifier>{766184fd-da3c-4489-8702-537b9da99368}</UniqueIdentifier>
    </Filter>
    <Filter Include="Manager\06.Scroll_Manager">
      <UniqueIdentifier>{594fb44a-0e03-4f21-8668-10bc563f456f}</UniqueIdentifier>
    </Filter>
    <Filter Include="Manager\07.Time_Manager">
      <UniqueIdentifier>{85ec249f-5578-4ca5-a586-137451067360}</UniqueIdentifier>
    </Filter>
    <Filter Include="01.GameObject\08.Particle">
      <UniqueIdentifier>{d2110e93-8680-4156-b3e7-7c554fc456a1}</UniqueIdentifier>
    </Filter>
    <Filter Include="01.GameObject\05.Gui\00.Arrow_Offscreen">
      <UniqueIdentifier>{1508309e-33ba-47f6-aea9-2a7edcbcca4c}</UniqueIdentifier>
    </Filter>
    <Filter Include="01.GameObject\05.Gui\99.ViewText">
      <UniqueIdentifier>{f0e786f5-d277-4879-93fc-c6a2762bbc50}</UniqueIdentifier>
    </Filter>
    <Filter Include="01.GameObject\05.Gui\01.Gui">
      <UniqueIdentifier>{918c76eb-e21a-43d3-9741-2214c65ac3a1}</UniqueIdentifier>
    </Filter>
    <Filter Include="01.GameObject\05.Gui\02.Flip">
      <UniqueIdentifier>{c7a57d2a-2768-48a2-8fbb-79ae600ebca5}</UniqueIdentifier>
    </Filter>
    <Filter Include="01.GameObject\05.Gui\03.Rocket_Ui">
      <UniqueIdentifier>{11da95fd-b272-4eed-b371-c10b32fb365c}</UniqueIdentifier>
    </Filter>
    <Filter Include="01.GameObject\05.Gui\04.Hp">
      <UniqueIdentifier>{efe1a5c1-3cda-4074-adb4-e982bff331cc}</UniqueIdentifier>
    </Filter>
    <Filter Include="01.GameObject\05.Gui\05.DmgGrid">
      <UniqueIdentifier>{005fb594-3f57-429f-8fca-cefc932545a6}</UniqueIdentifier>
    </Filter>
    <Filter Include="01.GameObject\99.Collider">
      <UniqueIdentifier>{a37a6e3b-dc04-44b0-9ff1-dab087b431fc}</UniqueIdentifier>
    </Filter>
    <Filter Include="01.GameObject\99.Collider\00.Sphere">
      <UniqueIdentifier>{94dd8e7d-50d0-4c6d-9a3d-60c3bc961903}</UniqueIdentifier>
    </Filter>
    <Filter Include="01.GameObject\99.Collider\01.Rect">
      <UniqueIdentifier>{a186216d-1183-4162-9bc5-b39ea16c0f83}</UniqueIdentifier>
    </Filter>
    <Filter Include="01.GameObject\00.Object">
      <UniqueIdentifier>{cf0f60a4-b04d-4136-8570-7e203b16864b}</UniqueIdentifier>
    </Filter>
    <Filter Include="01.GameObject\00.Object\00.Player">
      <UniqueIdentifier>{1632b8a1-b4de-4f02-beb2-6a5908e08ed6}</UniqueIdentifier>
    </Filter>
    <Filter Include="01.GameObject\00.Object\01.Enemy">
      <UniqueIdentifier>{4405e07f-bfba-41c6-8c3f-01ce09929f03}</UniqueIdentifier>
    </Filter>
    <Filter Include="01.GameObject\00.Object\01.Enemy\03.Ship">
      <UniqueIdentifier>{56edc592-699e-4484-ac07-4172721b6d43}</UniqueIdentifier>
    </Filter>
    <Filter Include="01.GameObject\00.Object\01.Enemy\00.Jet_Enemy">
      <UniqueIdentifier>{ac324810-e3b8-4069-897a-fdadd6b6cc11}</UniqueIdentifier>
    </Filter>
    <Filter Include="01.GameObject\00.Object\01.Enemy\00.Jet_Enemy\05.Jet_Homming">
      <UniqueIdentifier>{03d429af-b895-435f-86d3-1161c55b8d36}</UniqueIdentifier>
    </Filter>
    <Filter Include="01.GameObject\00.Object\01.Enemy\00.Jet_Enemy\00.Jet_Normal">
      <UniqueIdentifier>{a84ed9ed-ef82-42b0-b167-5cca8124fc12}</UniqueIdentifier>
    </Filter>
    <Filter Include="01.GameObject\00.Object\01.Enemy\00.Jet_Enemy\01.Jet_Rocket">
      <UniqueIdentifier>{e08a44fc-b82a-4bbc-95ca-a91d886d73ac}</UniqueIdentifier>
    </Filter>
    <Filter Include="01.GameObject\00.Object\01.Enemy\00.Jet_Enemy\02.Jet_Rush">
      <UniqueIdentifier>{8f055ad4-3861-4160-b668-6397a89d481b}</UniqueIdentifier>
    </Filter>
    <Filter Include="01.GameObject\00.Object\01.Enemy\00.Jet_Enemy\03.Jet_BulletSplash">
      <UniqueIdentifier>{da61cfe1-2002-439d-9cbc-64370eae579f}</UniqueIdentifier>
    </Filter>
    <Filter Include="01.GameObject\00.Object\01.Enemy\00.Jet_Enemy\04.Jet_Sniper">
      <UniqueIdentifier>{8384691e-cd19-4ecc-82e4-77aed40d1e25}</UniqueIdentifier>
    </Filter>
    <Filter Include="01.GameObject\00.Object\01.Enemy\01.Surpent">
      <UniqueIdentifier>{30ed3c2e-c5f6-4fd2-ab58-c833b9b9f2ba}</UniqueIdentifier>
    </Filter>
    <Filter Include="01.GameObject\00.Object\01.Enemy\01.Surpent\00.SurpentObject">
      <UniqueIdentifier>{73dfc84f-13b6-4b88-813b-59ec9784a0a9}</UniqueIdentifier>
    </Filter>
    <Filter Include="01.GameObject\00.Object\01.Enemy\01.Surpent\00.SurpentObject\00.Head">
      <UniqueIdentifier>{2a350f49-b30d-4e12-abbe-701060c47b8d}</UniqueIdentifier>
    </Filter>
    <Filter Include="01.GameObject\00.Object\01.Enemy\01.Surpent\00.SurpentObject\01.Body">
      <UniqueIdentifier>{9c94f7cf-e87a-45da-bad6-288b6e4075d1}</UniqueIdentifier>
    </Filter>
    <Filter Include="01.GameObject\00.Object\01.Enemy\01.Surpent\00.SurpentObject\02.Tail">
      <UniqueIdentifier>{58701575-ee87-4868-bd18-83df72510321}</UniqueIdentifier>
    </Filter>
    <Filter Include="01.GameObject\00.Object\01.Enemy\02.Tank">
      <UniqueIdentifier>{80563522-3284-454c-a79f-cd88364f5441}</UniqueIdentifier>
    </Filter>
    <Filter Include="01.GameObject\05.Gui\06.Danger">
      <UniqueIdentifier>{ef515d42-b1b0-473f-97d9-174e156160f1}</UniqueIdentifier>
    </Filter>
    <Filter Include="01.GameObject\05.Gui\00.Arrow_Offscreen\01.Arrow_Offscreen_Rocket">
      <UniqueIdentifier>{1a9cafe9-48a8-486a-b44f-141d79392995}</UniqueIdentifier>
    </Filter>
    <Filter Include="01.GameObject\05.Gui\00.Arrow_Offscreen\00.Arrow_Offscreen_Jet">
      <UniqueIdentifier>{3e8eb2ba-9ebe-4fcc-b46f-1efb5973d812}</UniqueIdentifier>
    </Filter>
    <Filter Include="01.GameObject\05.Gui\07.WorngWay">
      <UniqueIdentifier>{7af9422e-059d-4c46-b98e-592cf4fd34d6}</UniqueIdentifier>
    </Filter>
  </ItemGroup>
  <ItemGroup>
    <ClInclude Include="Client.h">
      <Filter>99.Default</Filter>
    </ClInclude>
    <ClInclude Include="Resource.h">
      <Filter>99.Default</Filter>
    </ClInclude>
    <ClInclude Include="stdafx.h">
      <Filter>99.Default</Filter>
    </ClInclude>
    <ClInclude Include="targetver.h">
      <Filter>99.Default</Filter>
    </ClInclude>
    <ClInclude Include="MainApp.h">
      <Filter>00.MainApp</Filter>
    </ClInclude>
    <ClInclude Include="GameObject.h">
      <Filter>01.GameObject</Filter>
    </ClInclude>
    <ClInclude Include="Player.h">
      <Filter>01.GameObject\00.Object\00.Player</Filter>
    </ClInclude>
    <ClInclude Include="Graphic_Device.h">
      <Filter>02.Graphic_Device</Filter>
    </ClInclude>
    <ClInclude Include="Texture.h">
      <Filter>05.Texture</Filter>
    </ClInclude>
    <ClInclude Include="Multi_Texture.h">
      <Filter>05.Texture\Multi_Texture</Filter>
    </ClInclude>
    <ClInclude Include="Single_Texture.h">
      <Filter>05.Texture\Single_Texture</Filter>
    </ClInclude>
    <ClInclude Include="Texture_Manager.h">
      <Filter>05.Texture\Manager</Filter>
    </ClInclude>
    <ClInclude Include="Scene.h">
      <Filter>03.Scene</Filter>
    </ClInclude>
    <ClInclude Include="Scene_Manager.h">
      <Filter>03.Scene\Manager</Filter>
    </ClInclude>
    <ClInclude Include="Stage.h">
      <Filter>03.Scene\Stage</Filter>
    </ClInclude>
    <ClInclude Include="Scroll_Manager.h">
      <Filter>Manager\06.Scroll_Manager</Filter>
    </ClInclude>
    <ClInclude Include="Frame_Manager.h">
      <Filter>Manager\01.Frame_Manager</Filter>
    </ClInclude>
    <ClInclude Include="GameObject_Manager.h">
      <Filter>Manager\00.GameObject_Manager</Filter>
    </ClInclude>
    <ClInclude Include="Key_Manager.h">
      <Filter>Manager\02.Key_Manager</Filter>
    </ClInclude>
    <ClInclude Include="Time_Manager.h">
      <Filter>Manager\07.Time_Manager</Filter>
    </ClInclude>
    <ClInclude Include="Prefab_Manager.h">
      <Filter>Manager\04.Prefap_Manager</Filter>
    </ClInclude>
    <ClInclude Include="Bullet.h">
      <Filter>01.GameObject\02.Bullet</Filter>
    </ClInclude>
    <ClInclude Include="Effect.h">
      <Filter>01.GameObject\03.Effect</Filter>
    </ClInclude>
    <ClInclude Include="Spawn_Manager.h">
      <Filter>Manager\05.Spawn_Manager</Filter>
    </ClInclude>
    <ClInclude Include="BackGround.h">
      <Filter>01.GameObject\04.BackGround</Filter>
    </ClInclude>
    <ClInclude Include="Mouse.h">
      <Filter>01.GameObject\06.Mouse</Filter>
    </ClInclude>
    <ClInclude Include="Normal.h">
      <Filter>01.GameObject\02.Bullet\00.Normal</Filter>
    </ClInclude>
    <ClInclude Include="Rocket.h">
      <Filter>01.GameObject\02.Bullet\01.Rocket</Filter>
    </ClInclude>
    <ClInclude Include="Burner.h">
      <Filter>01.GameObject\07.Burner</Filter>
    </ClInclude>
    <ClInclude Include="Bottle.h">
      <Filter>01.GameObject\02.Bullet\02.Bottle</Filter>
    </ClInclude>
    <ClInclude Include="Beam.h">
      <Filter>01.GameObject\02.Bullet\03.Beam</Filter>
    </ClInclude>
    <ClInclude Include="Gundrone.h">
      <Filter>01.GameObject\02.Bullet\04.Gundrone</Filter>
    </ClInclude>
    <ClInclude Include="Jet_Normal.h">
      <Filter>01.GameObject\00.Object\01.Enemy\00.Jet_Enemy\00.Jet_Normal</Filter>
    </ClInclude>
    <ClInclude Include="Jet_Rocket.h">
      <Filter>01.GameObject\00.Object\01.Enemy\00.Jet_Enemy\01.Jet_Rocket</Filter>
    </ClInclude>
    <ClInclude Include="Jet_Rush.h">
      <Filter>01.GameObject\00.Object\01.Enemy\00.Jet_Enemy\02.Jet_Rush</Filter>
    </ClInclude>
    <ClInclude Include="Jet_BulletSplash.h">
      <Filter>01.GameObject\00.Object\01.Enemy\00.Jet_Enemy\03.Jet_BulletSplash</Filter>
    </ClInclude>
    <ClInclude Include="Jet_Homming.h">
      <Filter>01.GameObject\00.Object\01.Enemy\00.Jet_Enemy\05.Jet_Homming</Filter>
    </ClInclude>
    <ClInclude Include="Jet_Sniper.h">
      <Filter>01.GameObject\00.Object\01.Enemy\00.Jet_Enemy\04.Jet_Sniper</Filter>
    </ClInclude>
    <ClInclude Include="Jet.h">
      <Filter>01.GameObject\00.Object</Filter>
    </ClInclude>
    <ClInclude Include="Collider.h">
      <Filter>01.GameObject\99.Collider</Filter>
    </ClInclude>
    <ClInclude Include="Collision_Manager.h">
      <Filter>Manager\03.ColiiderManager</Filter>
    </ClInclude>
    <ClInclude Include="ColSphere.h">
      <Filter>01.GameObject\99.Collider\00.Sphere</Filter>
    </ClInclude>
    <ClInclude Include="ColRect.h">
      <Filter>01.GameObject\99.Collider\01.Rect</Filter>
    </ClInclude>
    <ClInclude Include="Particle.h">
      <Filter>01.GameObject\08.Particle</Filter>
    </ClInclude>
    <ClInclude Include="ViewText.h">
      <Filter>01.GameObject\05.Gui\99.ViewText</Filter>
    </ClInclude>
    <ClInclude Include="Ui.h">
      <Filter>01.GameObject\05.Gui</Filter>
    </ClInclude>
    <ClInclude Include="Gui.h">
      <Filter>01.GameObject\05.Gui\01.Gui</Filter>
    </ClInclude>
    <ClInclude Include="Flip.h">
      <Filter>01.GameObject\05.Gui\02.Flip</Filter>
    </ClInclude>
    <ClInclude Include="Rocket_Ui.h">
      <Filter>01.GameObject\05.Gui\03.Rocket_Ui</Filter>
    </ClInclude>
    <ClInclude Include="Hp.h">
      <Filter>01.GameObject\05.Gui\04.Hp</Filter>
    </ClInclude>
    <ClInclude Include="DmgGrid.h">
      <Filter>01.GameObject\05.Gui\05.DmgGrid</Filter>
    </ClInclude>
    <ClInclude Include="SerpentObject.h">
      <Filter>01.GameObject\00.Object\01.Enemy\01.Surpent\00.SurpentObject</Filter>
    </ClInclude>
    <ClInclude Include="SerpentTail.h">
      <Filter>01.GameObject\00.Object\01.Enemy\01.Surpent\00.SurpentObject\02.Tail</Filter>
    </ClInclude>
    <ClInclude Include="SerpentBody.h">
      <Filter>01.GameObject\00.Object\01.Enemy\01.Surpent\00.SurpentObject\01.Body</Filter>
    </ClInclude>
    <ClInclude Include="SerpentHead.h">
      <Filter>01.GameObject\00.Object\01.Enemy\01.Surpent\00.SurpentObject\00.Head</Filter>
    </ClInclude>
    <ClInclude Include="Serpent.h">
      <Filter>01.GameObject\00.Object\01.Enemy\01.Surpent</Filter>
    </ClInclude>
    <ClInclude Include="Jet_Enemy.h">
      <Filter>01.GameObject\00.Object\01.Enemy</Filter>
    </ClInclude>
    <ClInclude Include="Danger.h">
      <Filter>01.GameObject\05.Gui\06.Danger</Filter>
    </ClInclude>
    <ClInclude Include="Arrow_Offscreen.h">
      <Filter>01.GameObject\05.Gui\00.Arrow_Offscreen\00.Arrow_Offscreen_Jet</Filter>
    </ClInclude>
    <ClInclude Include="Arrow_Offscreen_Rocket.h">
      <Filter>01.GameObject\05.Gui\00.Arrow_Offscreen\01.Arrow_Offscreen_Rocket</Filter>
    </ClInclude>
    <ClInclude Include="WorngWay.h">
      <Filter>01.GameObject\05.Gui\07.WorngWay</Filter>
    </ClInclude>
  </ItemGroup>
  <ItemGroup>
    <ClCompile Include="Client.cpp">
      <Filter>99.Default</Filter>
    </ClCompile>
    <ClCompile Include="stdafx.cpp">
      <Filter>99.Default</Filter>
    </ClCompile>
    <ClCompile Include="MainApp.cpp">
      <Filter>00.MainApp</Filter>
    </ClCompile>
    <ClCompile Include="GameObject.cpp">
      <Filter>01.GameObject</Filter>
    </ClCompile>
    <ClCompile Include="Player.cpp">
      <Filter>01.GameObject\00.Object\00.Player</Filter>
    </ClCompile>
    <ClCompile Include="Graphic_Device.cpp">
      <Filter>02.Graphic_Device</Filter>
    </ClCompile>
    <ClCompile Include="Texture.cpp">
      <Filter>05.Texture</Filter>
    </ClCompile>
    <ClCompile Include="Multi_Texture.cpp">
      <Filter>05.Texture\Multi_Texture</Filter>
    </ClCompile>
    <ClCompile Include="Single_Texture.cpp">
      <Filter>05.Texture\Single_Texture</Filter>
    </ClCompile>
    <ClCompile Include="Texture_Manager.cpp">
      <Filter>05.Texture\Manager</Filter>
    </ClCompile>
    <ClCompile Include="Scene.cpp">
      <Filter>03.Scene</Filter>
    </ClCompile>
    <ClCompile Include="Scene_Manager.cpp">
      <Filter>03.Scene\Manager</Filter>
    </ClCompile>
    <ClCompile Include="Stage.cpp">
      <Filter>03.Scene\Stage</Filter>
    </ClCompile>
    <ClCompile Include="Scroll_Manager.cpp">
      <Filter>Manager\06.Scroll_Manager</Filter>
    </ClCompile>
    <ClCompile Include="Frame_Manager.cpp">
      <Filter>Manager\01.Frame_Manager</Filter>
    </ClCompile>
    <ClCompile Include="GameObject_Manager.cpp">
      <Filter>Manager\00.GameObject_Manager</Filter>
    </ClCompile>
    <ClCompile Include="Key_Manager.cpp">
      <Filter>Manager\02.Key_Manager</Filter>
    </ClCompile>
    <ClCompile Include="Time_Manager.cpp">
      <Filter>Manager\07.Time_Manager</Filter>
    </ClCompile>
    <ClCompile Include="Prefab_Manager.cpp">
      <Filter>Manager\04.Prefap_Manager</Filter>
    </ClCompile>
    <ClCompile Include="Bullet.cpp">
      <Filter>01.GameObject\02.Bullet</Filter>
    </ClCompile>
    <ClCompile Include="Effect.cpp">
      <Filter>01.GameObject\03.Effect</Filter>
    </ClCompile>
    <ClCompile Include="Spawn_Manager.cpp">
      <Filter>Manager\05.Spawn_Manager</Filter>
    </ClCompile>
    <ClCompile Include="BackGround.cpp">
      <Filter>01.GameObject\04.BackGround</Filter>
    </ClCompile>
    <ClCompile Include="Mouse.cpp">
      <Filter>01.GameObject\06.Mouse</Filter>
    </ClCompile>
    <ClCompile Include="Normal.cpp">
      <Filter>01.GameObject\02.Bullet\00.Normal</Filter>
    </ClCompile>
    <ClCompile Include="Rocket.cpp">
      <Filter>01.GameObject\02.Bullet\01.Rocket</Filter>
    </ClCompile>
    <ClCompile Include="Burner.cpp">
      <Filter>01.GameObject\07.Burner</Filter>
    </ClCompile>
    <ClCompile Include="Bottle.cpp">
      <Filter>01.GameObject\02.Bullet\02.Bottle</Filter>
    </ClCompile>
    <ClCompile Include="Beam.cpp">
      <Filter>01.GameObject\02.Bullet\03.Beam</Filter>
    </ClCompile>
    <ClCompile Include="Gundrone.cpp">
      <Filter>01.GameObject\02.Bullet\04.Gundrone</Filter>
    </ClCompile>
    <ClCompile Include="Jet_Normal.cpp">
      <Filter>01.GameObject\00.Object\01.Enemy\00.Jet_Enemy\00.Jet_Normal</Filter>
    </ClCompile>
    <ClCompile Include="Jet_Rocket.cpp">
      <Filter>01.GameObject\00.Object\01.Enemy\00.Jet_Enemy\01.Jet_Rocket</Filter>
    </ClCompile>
    <ClCompile Include="Jet_Rush.cpp">
      <Filter>01.GameObject\00.Object\01.Enemy\00.Jet_Enemy\02.Jet_Rush</Filter>
    </ClCompile>
    <ClCompile Include="Jet_BulletSplash.cpp">
      <Filter>01.GameObject\00.Object\01.Enemy\00.Jet_Enemy\03.Jet_BulletSplash</Filter>
    </ClCompile>
    <ClCompile Include="Jet_Homming.cpp">
      <Filter>01.GameObject\00.Object\01.Enemy\00.Jet_Enemy\05.Jet_Homming</Filter>
    </ClCompile>
    <ClCompile Include="Jet_Sniper.cpp">
      <Filter>01.GameObject\00.Object\01.Enemy\00.Jet_Enemy\04.Jet_Sniper</Filter>
    </ClCompile>
    <ClCompile Include="Jet.cpp">
      <Filter>01.GameObject\00.Object</Filter>
    </ClCompile>
    <ClCompile Include="Collider.cpp">
      <Filter>01.GameObject\99.Collider</Filter>
    </ClCompile>
    <ClCompile Include="Collision_Manager.cpp">
      <Filter>Manager\03.ColiiderManager</Filter>
    </ClCompile>
    <ClCompile Include="ColSphere.cpp">
      <Filter>01.GameObject\99.Collider\00.Sphere</Filter>
    </ClCompile>
    <ClCompile Include="ColRect.cpp">
      <Filter>01.GameObject\99.Collider\01.Rect</Filter>
    </ClCompile>
    <ClCompile Include="Particle.cpp">
      <Filter>01.GameObject\08.Particle</Filter>
    </ClCompile>
    <ClCompile Include="ViewText.cpp">
      <Filter>01.GameObject\05.Gui\99.ViewText</Filter>
    </ClCompile>
    <ClCompile Include="Ui.cpp">
      <Filter>01.GameObject\05.Gui</Filter>
    </ClCompile>
    <ClCompile Include="Gui.cpp">
      <Filter>01.GameObject\05.Gui\01.Gui</Filter>
    </ClCompile>
    <ClCompile Include="Flip.cpp">
      <Filter>01.GameObject\05.Gui\02.Flip</Filter>
    </ClCompile>
    <ClCompile Include="Rocket_Ui.cpp">
      <Filter>01.GameObject\05.Gui\03.Rocket_Ui</Filter>
    </ClCompile>
    <ClCompile Include="Hp.cpp">
      <Filter>01.GameObject\05.Gui\04.Hp</Filter>
    </ClCompile>
    <ClCompile Include="DmgGrid.cpp">
      <Filter>01.GameObject\05.Gui\05.DmgGrid</Filter>
    </ClCompile>
    <ClCompile Include="SerpentTail.cpp">
      <Filter>01.GameObject\00.Object\01.Enemy\01.Surpent\00.SurpentObject\02.Tail</Filter>
    </ClCompile>
    <ClCompile Include="SerpentObject.cpp">
      <Filter>01.GameObject\00.Object\01.Enemy\01.Surpent\00.SurpentObject</Filter>
    </ClCompile>
    <ClCompile Include="SerpentBody.cpp">
      <Filter>01.GameObject\00.Object\01.Enemy\01.Surpent\00.SurpentObject\01.Body</Filter>
    </ClCompile>
    <ClCompile Include="SerpentHead.cpp">
      <Filter>01.GameObject\00.Object\01.Enemy\01.Surpent\00.SurpentObject\00.Head</Filter>
    </ClCompile>
    <ClCompile Include="Serpent.cpp">
      <Filter>01.GameObject\00.Object\01.Enemy\01.Surpent</Filter>
    </ClCompile>
    <ClCompile Include="Jet_Enemy.cpp">
      <Filter>01.GameObject\00.Object\01.Enemy</Filter>
    </ClCompile>
    <ClCompile Include="Danger.cpp">
      <Filter>01.GameObject\05.Gui\06.Danger</Filter>
    </ClCompile>
    <ClCompile Include="Arrow_Offscreen.cpp">
      <Filter>01.GameObject\05.Gui\00.Arrow_Offscreen\00.Arrow_Offscreen_Jet</Filter>
    </ClCompile>
    <ClCompile Include="Arrow_Offscreen_Rocket.cpp">
      <Filter>01.GameObject\05.Gui\00.Arrow_Offscreen\01.Arrow_Offscreen_Rocket</Filter>
    </ClCompile>
    <ClCompile Include="WorngWay.cpp">
      <Filter>01.GameObject\05.Gui\07.WorngWay</Filter>
    </ClCompile>
  </ItemGroup>
  <ItemGroup>
    <Image Include="Client.ico">
      <Filter>99.Default</Filter>
    </Image>
    <Image Include="small.ico">
      <Filter>99.Default</Filter>
    </Image>
  </ItemGroup>
  <ItemGroup>
    <ResourceCompile Include="Client.rc">
      <Filter>99.Default</Filter>
    </ResourceCompile>
  </ItemGroup>
  <ItemGroup>
    <Text Include="ReadMe.txt">
      <Filter>99.Default</Filter>
    </Text>
  </ItemGroup>
</Project>